
Microsoft Visual Studio Solution File, Format Version 12.00
# Visual Studio Version 16
VisualStudioVersion = 16.0.31515.178
MinimumVisualStudioVersion = 10.0.40219.1
Project("{8BC9CEB8-8B4A-11D0-8D11-00A0C91BC942}") = "Laab2", "Laab2\Laab2.vcxproj", "{8B0470AD-9F72-419C-800D-8B746DD75016}"
EndProject
Project("{8BC9CEB8-8B4A-11D0-8D11-00A0C91BC942}") = "2", "2\2.vcxproj", "{E2127420-19F7-4D56-B889-C39637FAF6B6}"
EndProject
Project("{8BC9CEB8-8B4A-11D0-8D11-00A0C91BC942}") = "3", "3\3.vcxproj", "{E15BB12F-3CFC-4ED2-A68F-1BD6590F346E}"
EndProject
Global
	GlobalSection(SolutionConfigurationPlatforms) = preSolution
		Debug|x64 = Debug|x64
		Debug|x86 = Debug|x86
		Release|x64 = Release|x64
		Release|x86 = Release|x86
	EndGlobalSection
	GlobalSection(ProjectConfigurationPlatforms) = postSolution
		{8B0470AD-9F72-419C-800D-8B746DD75016}.Debug|x64.ActiveCfg = Debug|x64
		{8B0470AD-9F72-419C-800D-8B746DD75016}.Debug|x64.Build.0 = Debug|x64
		{8B0470AD-9F72-419C-800D-8B746DD75016}.Debug|x86.ActiveCfg = Debug|Win32
		{8B0470AD-9F72-419C-800D-8B746DD75016}.Debug|x86.Build.0 = Debug|Win32
		{8B0470AD-9F72-419C-800D-8B746DD75016}.Release|x64.ActiveCfg = Release|x64
		{8B0470AD-9F72-419C-800D-8B746DD75016}.Release|x64.Build.0 = Release|x64
		{8B0470AD-9F72-419C-800D-8B746DD75016}.Release|x86.ActiveCfg = Release|Win32
		{8B0470AD-9F72-419C-800D-8B746DD75016}.Release|x86.Build.0 = Release|Win32
		{E2127420-19F7-4D56-B889-C39637FAF6B6}.Debug|x64.ActiveCfg = Debug|x64
		{E2127420-19F7-4D56-B889-C39637FAF6B6}.Debug|x64.Build.0 = Debug|x64
		{E2127420-19F7-4D56-B889-C39637FAF6B6}.Debug|x86.ActiveCfg = Debug|Win32
		{E2127420-19F7-4D56-B889-C39637FAF6B6}.Debug|x86.Build.0 = Debug|Win32
		{E2127420-19F7-4D56-B889-C39637FAF6B6}.Release|x64.ActiveCfg = Release|x64
		{E2127420-19F7-4D56-B889-C39637FAF6B6}.Release|x64.Build.0 = Release|x64
		{E2127420-19F7-4D56-B889-C39637FAF6B6}.Release|x86.ActiveCfg = Release|Win32
		{E2127420-19F7-4D56-B889-C39637FAF6B6}.Release|x86.Build.0 = Release|Win32
		{E15BB12F-3CFC-4ED2-A68F-1BD6590F346E}.Debug|x64.ActiveCfg = Debug|x64
		{E15BB12F-3CFC-4ED2-A68F-1BD6590F346E}.Debug|x64.Build.0 = Debug|x64
		{E15BB12F-3CFC-4ED2-A68F-1BD6590F346E}.Debug|x86.ActiveCfg = Debug|Win32
		{E15BB12F-3CFC-4ED2-A68F-1BD6590F346E}.Debug|x86.Build.0 = Debug|Win32
		{E15BB12F-3CFC-4ED2-A68F-1BD6590F346E}.Release|x64.ActiveCfg = Release|x64
		{E15BB12F-3CFC-4ED2-A68F-1BD6590F346E}.Release|x64.Build.0 = Release|x64
		{E15BB12F-3CFC-4ED2-A68F-1BD6590F346E}.Release|x86.ActiveCfg = Release|Win32
		{E15BB12F-3CFC-4ED2-A68F-1BD6590F346E}.Release|x86.Build.0 = Release|Win32
	EndGlobalSection
	GlobalSection(SolutionProperties) = preSolution
		HideSolutionNode = FALSE
	EndGlobalSection
	GlobalSection(ExtensibilityGlobals) = postSolution
		SolutionGuid = {9EB7A36A-7C43-43A7-A8A1-10FC58EABD8D}
	EndGlobalSection
EndGlobal
